
Microsoft Visual Studio Solution File, Format Version 12.00
# Visual Studio 2013
VisualStudioVersion = 12.0.21005.1
MinimumVisualStudioVersion = 10.0.40219.1
Project("{2150E333-8FDC-42A3-9474-1A3956D46DE8}") = "Engine", "Engine", "{A9B67EAE-32C6-4CD3-B7FF-E7423DD2466E}"
EndProject
Project("{2150E333-8FDC-42A3-9474-1A3956D46DE8}") = "Games", "Games", "{9653410A-F65A-45D3-9900-9FEF7917830D}"
EndProject
Project("{8BC9CEB8-8B4A-11D0-8D11-00A0C91BC942}") = "Move", "Intermediate\ProjectFiles\Move.vcxproj", "{53219D00-53C7-4D16-9F26-90C4684EBA7D}"
EndProject
Project("{8BC9CEB8-8B4A-11D0-8D11-00A0C91BC942}") = "UE4", "Intermediate\ProjectFiles\UE4.vcxproj", "{95A71A2E-5681-4A9D-BA52-0337BC32A113}"
EndProject
Global
	GlobalSection(SolutionConfigurationPlatforms) = preSolution
		DebugGame Editor|Android = DebugGame Editor|Android
		DebugGame Editor|Windows = DebugGame Editor|Windows
		DebugGame|Android = DebugGame|Android
		DebugGame|Windows = DebugGame|Windows
		Development Editor|Android = Development Editor|Android
		Development Editor|Windows = Development Editor|Windows
		Development|Android = Development|Android
		Development|Windows = Development|Windows
		Shipping|Android = Shipping|Android
		Shipping|Windows = Shipping|Windows
	EndGlobalSection
	GlobalSection(ProjectConfigurationPlatforms) = postSolution
		{53219D00-53C7-4D16-9F26-90C4684EBA7D}.DebugGame Editor|Android.ActiveCfg = Development_Game|x64
		{53219D00-53C7-4D16-9F26-90C4684EBA7D}.DebugGame Editor|Windows.ActiveCfg = DebugGame_Editor|x64
		{53219D00-53C7-4D16-9F26-90C4684EBA7D}.DebugGame Editor|Windows.Build.0 = DebugGame_Editor|x64
		{53219D00-53C7-4D16-9F26-90C4684EBA7D}.DebugGame|Android.ActiveCfg = DebugGame_Game|Tegra-Android
		{53219D00-53C7-4D16-9F26-90C4684EBA7D}.DebugGame|Android.Build.0 = DebugGame_Game|Tegra-Android
		{53219D00-53C7-4D16-9F26-90C4684EBA7D}.DebugGame|Windows.ActiveCfg = DebugGame_Game|x64
		{53219D00-53C7-4D16-9F26-90C4684EBA7D}.DebugGame|Windows.Build.0 = DebugGame_Game|x64
		{53219D00-53C7-4D16-9F26-90C4684EBA7D}.Development Editor|Android.ActiveCfg = Development_Game|x64
		{53219D00-53C7-4D16-9F26-90C4684EBA7D}.Development Editor|Windows.ActiveCfg = Development_Editor|x64
		{53219D00-53C7-4D16-9F26-90C4684EBA7D}.Development Editor|Windows.Build.0 = Development_Editor|x64
		{53219D00-53C7-4D16-9F26-90C4684EBA7D}.Development|Android.ActiveCfg = Development_Game|Tegra-Android
		{53219D00-53C7-4D16-9F26-90C4684EBA7D}.Development|Android.Build.0 = Development_Game|Tegra-Android
		{53219D00-53C7-4D16-9F26-90C4684EBA7D}.Development|Windows.ActiveCfg = Development_Game|x64
		{53219D00-53C7-4D16-9F26-90C4684EBA7D}.Development|Windows.Build.0 = Development_Game|x64
		{53219D00-53C7-4D16-9F26-90C4684EBA7D}.Shipping|Android.ActiveCfg = Shipping_Game|Tegra-Android
		{53219D00-53C7-4D16-9F26-90C4684EBA7D}.Shipping|Android.Build.0 = Shipping_Game|Tegra-Android
		{53219D00-53C7-4D16-9F26-90C4684EBA7D}.Shipping|Windows.ActiveCfg = Shipping_Game|Win32
		{53219D00-53C7-4D16-9F26-90C4684EBA7D}.Shipping|Windows.Build.0 = Shipping_Game|Win32
		{95A71A2E-5681-4A9D-BA52-0337BC32A113}.DebugGame Editor|Android.ActiveCfg = BuiltWithUnrealBuildTool|Win32
		{95A71A2E-5681-4A9D-BA52-0337BC32A113}.DebugGame Editor|Windows.ActiveCfg = BuiltWithUnrealBuildTool|Win32
		{95A71A2E-5681-4A9D-BA52-0337BC32A113}.DebugGame|Android.ActiveCfg = BuiltWithUnrealBuildTool|Win32
		{95A71A2E-5681-4A9D-BA52-0337BC32A113}.DebugGame|Windows.ActiveCfg = BuiltWithUnrealBuildTool|Win32
		{95A71A2E-5681-4A9D-BA52-0337BC32A113}.Development Editor|Android.ActiveCfg = BuiltWithUnrealBuildTool|Win32
		{95A71A2E-5681-4A9D-BA52-0337BC32A113}.Development Editor|Windows.ActiveCfg = BuiltWithUnrealBuildTool|Win32
		{95A71A2E-5681-4A9D-BA52-0337BC32A113}.Development|Android.ActiveCfg = BuiltWithUnrealBuildTool|Win32
		{95A71A2E-5681-4A9D-BA52-0337BC32A113}.Development|Windows.ActiveCfg = BuiltWithUnrealBuildTool|Win32
		{95A71A2E-5681-4A9D-BA52-0337BC32A113}.Shipping|Android.ActiveCfg = BuiltWithUnrealBuildTool|Win32
		{95A71A2E-5681-4A9D-BA52-0337BC32A113}.Shipping|Windows.ActiveCfg = BuiltWithUnrealBuildTool|Win32
	EndGlobalSection
	GlobalSection(SolutionProperties) = preSolution
		HideSolutionNode = FALSE
	EndGlobalSection
	GlobalSection(NestedProjects) = preSolution
		{95A71A2E-5681-4A9D-BA52-0337BC32A113} = {A9B67EAE-32C6-4CD3-B7FF-E7423DD2466E}
		{53219D00-53C7-4D16-9F26-90C4684EBA7D} = {9653410A-F65A-45D3-9900-9FEF7917830D}
	EndGlobalSection
EndGlobal
